
Microsoft Visual Studio Solution File, Format Version 12.00
# Visual Studio Version 16
VisualStudioVersion = 16.0.33214.272
MinimumVisualStudioVersion = 10.0.40219.1
Project("{FAE04EC0-301F-11D3-BF4B-00C04F79EFBC}") = "ConsoleUI", "ConsoleUI\ConsoleUI.csproj", "{324A9537-AECA-4377-81BC-4170ABCE2930}"
EndProject
Project("{FAE04EC0-301F-11D3-BF4B-00C04F79EFBC}") = "GameWorldLibrary", "GameWorldLibrary\GameWorldLibrary.csproj", "{721E73DC-81B2-4663-8F82-B2976EF1E9CD}"
EndProject
Global
	GlobalSection(SolutionConfigurationPlatforms) = preSolution
		Debug|Any CPU = Debug|Any CPU
		Release|Any CPU = Release|Any CPU
	EndGlobalSection
	GlobalSection(ProjectConfigurationPlatforms) = postSolution
		{324A9537-AECA-4377-81BC-4170ABCE2930}.Debug|Any CPU.ActiveCfg = Debug|Any CPU
		{324A9537-AECA-4377-81BC-4170ABCE2930}.Debug|Any CPU.Build.0 = Debug|Any CPU
		{324A9537-AECA-4377-81BC-4170ABCE2930}.Release|Any CPU.ActiveCfg = Release|Any CPU
		{324A9537-AECA-4377-81BC-4170ABCE2930}.Release|Any CPU.Build.0 = Release|Any CPU
		{721E73DC-81B2-4663-8F82-B2976EF1E9CD}.Debug|Any CPU.ActiveCfg = Debug|Any CPU
		{721E73DC-81B2-4663-8F82-B2976EF1E9CD}.Debug|Any CPU.Build.0 = Debug|Any CPU
		{721E73DC-81B2-4663-8F82-B2976EF1E9CD}.Release|Any CPU.ActiveCfg = Release|Any CPU
		{721E73DC-81B2-4663-8F82-B2976EF1E9CD}.Release|Any CPU.Build.0 = Release|Any CPU
	EndGlobalSection
	GlobalSection(SolutionProperties) = preSolution
		HideSolutionNode = FALSE
	EndGlobalSection
	GlobalSection(ExtensibilityGlobals) = postSolution
		SolutionGuid = {5EEEAD9D-6CC8-446E-8C64-2E79A34C38A3}
	EndGlobalSection
EndGlobal
